
Microsoft Visual Studio Solution File, Format Version 12.00
# Visual Studio 15
Project("{FAE04EC0-301F-11D3-BF4B-00C04F79EFBC}") = "VuforiaScripts", "VuforiaScripts.csproj", "{19B31A77-0A7D-13FA-2CFD-F1CE61F4589A}"
EndProject
Project("{FAE04EC0-301F-11D3-BF4B-00C04F79EFBC}") = "Assembly-CSharp", "Assembly-CSharp.csproj", "{A31F2CAD-4EE3-21FD-E639-FD37439D5DDE}"
EndProject
Project("{FAE04EC0-301F-11D3-BF4B-00C04F79EFBC}") = "VuforiaEditorScripts", "VuforiaEditorScripts.csproj", "{0D33584A-32A4-C215-AF29-A471692C522A}"
EndProject
Global
	GlobalSection(SolutionConfigurationPlatforms) = preSolution
		Debug|Any CPU = Debug|Any CPU
		Release|Any CPU = Release|Any CPU
	EndGlobalSection
	GlobalSection(ProjectConfigurationPlatforms) = postSolution
		{19B31A77-0A7D-13FA-2CFD-F1CE61F4589A}.Debug|Any CPU.ActiveCfg = Debug|Any CPU
		{19B31A77-0A7D-13FA-2CFD-F1CE61F4589A}.Debug|Any CPU.Build.0 = Debug|Any CPU
		{19B31A77-0A7D-13FA-2CFD-F1CE61F4589A}.Release|Any CPU.ActiveCfg = Release|Any CPU
		{19B31A77-0A7D-13FA-2CFD-F1CE61F4589A}.Release|Any CPU.Build.0 = Release|Any CPU
		{A31F2CAD-4EE3-21FD-E639-FD37439D5DDE}.Debug|Any CPU.ActiveCfg = Debug|Any CPU
		{A31F2CAD-4EE3-21FD-E639-FD37439D5DDE}.Debug|Any CPU.Build.0 = Debug|Any CPU
		{A31F2CAD-4EE3-21FD-E639-FD37439D5DDE}.Release|Any CPU.ActiveCfg = Release|Any CPU
		{A31F2CAD-4EE3-21FD-E639-FD37439D5DDE}.Release|Any CPU.Build.0 = Release|Any CPU
		{0D33584A-32A4-C215-AF29-A471692C522A}.Debug|Any CPU.ActiveCfg = Debug|Any CPU
		{0D33584A-32A4-C215-AF29-A471692C522A}.Debug|Any CPU.Build.0 = Debug|Any CPU
		{0D33584A-32A4-C215-AF29-A471692C522A}.Release|Any CPU.ActiveCfg = Release|Any CPU
		{0D33584A-32A4-C215-AF29-A471692C522A}.Release|Any CPU.Build.0 = Release|Any CPU
	EndGlobalSection
	GlobalSection(SolutionProperties) = preSolution
		HideSolutionNode = FALSE
	EndGlobalSection
EndGlobal
